
Microsoft Visual Studio Solution File, Format Version 12.00
# Visual Studio Version 17
VisualStudioVersion = 17.5.33516.290
MinimumVisualStudioVersion = 10.0.40219.1
Project("{FAE04EC0-301F-11D3-BF4B-00C04F79EFBC}") = "factoryos-10x-shell", "factoryos-10x-shell\factoryos-10x-shell.csproj", "{EB1B9CA9-6784-4E8B-862A-486E2B2E4F08}"
EndProject
Project("{FAE04EC0-301F-11D3-BF4B-00C04F79EFBC}") = "factoryos-10x-shell.Library", "factoryos-10x-shell.Library\factoryos-10x-shell.Library.csproj", "{4345E98B-2F22-4824-9C67-90DE0E7EE619}"
EndProject
Project("{262852C6-CD72-467D-83FE-5EEB1973A190}") = "Powerdialoguwp", "PowerDialogUWP\Powerdialoguwp.jsproj", "{14D3031D-F171-4D9E-B0B0-41B64BA4E65D}"
EndProject
Project("{2150E333-8FDC-42A3-9474-1A3956D46DE8}") = "Shell", "Shell", "{880E158C-1B27-43F5-8821-EF664A779937}"
EndProject
Project("{2150E333-8FDC-42A3-9474-1A3956D46DE8}") = "W32Components", "W32Components", "{36BDE371-6C23-4F5A-A84B-F458C194389D}"
EndProject
Project("{9A19103F-16F7-4668-BE54-9A1E7A4F7556}") = "Reboot_W32component", "..\Reboot_W32component\Reboot_W32component\Reboot_W32component.csproj", "{0F974DC8-0C8D-49D6-BB9A-3CB88A2BE204}"
EndProject
Project("{C7167F0D-BC9F-4E6E-AFE1-012C56B48DB5}") = "RebootW32ComponentPackaging", "..\Reboot_W32component\RebootW32ComponentPackaging\RebootW32ComponentPackaging.wapproj", "{97282269-6828-4D82-BD77-926F1D8B34CB}"
EndProject
Project("{9A19103F-16F7-4668-BE54-9A1E7A4F7556}") = "ShutdownW32_Component", "..\Reboot_W32component\ShutdownW32_Component\ShutdownW32_Component.csproj", "{7F75D93A-FA8B-4AD6-812A-5CCD5E69325E}"
EndProject
Project("{C7167F0D-BC9F-4E6E-AFE1-012C56B48DB5}") = "ShutdownW32ComponentPackage", "..\Reboot_W32component\ShutdownW32ComponentPackage\ShutdownW32ComponentPackage.wapproj", "{EF86C609-BD82-437B-9CD8-0A48ABADBDC4}"
EndProject
Project("{2150E333-8FDC-42A3-9474-1A3956D46DE8}") = "Hooks", "Hooks", "{BA7575B0-ED08-4E9C-93E9-15864CD8988D}"
EndProject
Project("{9A19103F-16F7-4668-BE54-9A1E7A4F7556}") = "ShellFolderHook", "ShellFolderHook\ShellFolderHook.csproj", "{195CB0A7-4898-434E-8E3A-42B75AF15979}"
EndProject
Project("{C7167F0D-BC9F-4E6E-AFE1-012C56B48DB5}") = "ShellFolderHookPackaging", "ShellFolderHookPackaging\ShellFolderHookPackaging.wapproj", "{4CD50160-597D-47BD-AF35-29ABECC708CB}"
EndProject
Project("{9A19103F-16F7-4668-BE54-9A1E7A4F7556}") = "ExplorerHook", "ExplorerHook\ExplorerHook.csproj", "{604B48AB-7F68-472D-965A-F3A8F1AB5459}"
EndProject
Project("{C7167F0D-BC9F-4E6E-AFE1-012C56B48DB5}") = "ExplorerHookPackaging", "ExplorerHookPackaging\ExplorerHookPackaging.wapproj", "{20DD6716-C0AB-4288-8036-BED1E3766906}"
EndProject
Project("{9A19103F-16F7-4668-BE54-9A1E7A4F7556}") = "EdgeW32hook", "EdgeW32hook\EdgeW32hook.csproj", "{34CACCBC-2F1C-4E85-9572-B9E6125836C9}"
EndProject
Project("{C7167F0D-BC9F-4E6E-AFE1-012C56B48DB5}") = "EdgeW32HookPackaging", "EdgeW32HookPackaging\EdgeW32HookPackaging.wapproj", "{A6868E4E-A527-43F0-918F-D86E4C87FCA6}"
EndProject
Project("{FAE04EC0-301F-11D3-BF4B-00C04F79EFBC}") = "CopilotPWA", "CopilotPWA\CopilotPWA\CopilotPWA.csproj", "{5BEEA5A2-AEA2-4507-8178-3E0511C56CF0}"
EndProject
Project("{FAE04EC0-301F-11D3-BF4B-00C04F79EFBC}") = "WinverUWP", "WinverUWP\WinverUWP\WinverUWP.csproj", "{020EE1C0-2940-4B2B-A355-867D2A4DD576}"
EndProject
Project("{9A19103F-16F7-4668-BE54-9A1E7A4F7556}") = "WinverUWP.Interop", "WinverUWP\WinverUWP.Interop\WinverUWP.Interop.csproj", "{88CF1B0A-759D-4E4E-94B1-391708367D1E}"
EndProject
Project("{2150E333-8FDC-42A3-9474-1A3956D46DE8}") = "MobileShell", "MobileShell", "{952A9076-C3DC-49A6-831A-71F95D1542E5}"
EndProject
Project("{8BC9CEB8-8B4A-11D0-8D11-00A0C91BC942}") = "MobileShellPlus", "..\MobileShell\src\MobileShellPlus\MobileShellPlus.vcxproj", "{3FC7BBB1-922F-4D87-BB5E-2D33CE2CFBC7}"
EndProject
Project("{FAE04EC0-301F-11D3-BF4B-00C04F79EFBC}") = "MobSDes", "..\MobileShell\src\MobSDes\MobSDes.csproj", "{8B91C758-C271-4483-B0F6-51FCEE9636C8}"
EndProject
Project("{C7167F0D-BC9F-4E6E-AFE1-012C56B48DB5}") = "MobileShellPackaging", "..\MobileShell\src\MobileShellPackaging\MobileShellPackaging.wapproj", "{1D0CC079-1E79-4042-8AE4-FB4DD1A6F572}"
EndProject
Project("{C7167F0D-BC9F-4E6E-AFE1-012C56B48DB5}") = "MobileShellExtPackaging", "..\MobileShell\src\MobileShellExtPackaging\MobileShellExtPackaging.wapproj", "{DAE20FD6-9C2C-427E-B695-A68E390AE3D9}"
EndProject
Project("{8BC9CEB8-8B4A-11D0-8D11-00A0C91BC942}") = "MobileShellExtLauncher", "..\MobileShell\src\MobileShellExtLauncher\MobileShellExtLauncher.vcxproj", "{FE1BF701-602D-417E-B7E8-4491420B6FD2}"
EndProject
Project("{8BC9CEB8-8B4A-11D0-8D11-00A0C91BC942}") = "MobileShellExtension", "..\MobileShell\src\MobileShellExtension\MobileShellExtension.vcxproj", "{433CCDBA-47F7-4C46-9FA2-793DF7D7D83B}"
EndProject
Project("{8BC9CEB8-8B4A-11D0-8D11-00A0C91BC942}") = "MobileCoreServer", "..\MobileShell\src\MobileCoreServer\MobileCoreServer.vcxproj", "{614F0FB6-CD99-4F21-BAED-7536AC5D58B4}"
EndProject
Project("{2150E333-8FDC-42A3-9474-1A3956D46DE8}") = "Mobium", "Mobium", "{774091B6-0EB3-497D-928D-82915DD9465C}"
EndProject
Project("{FAE04EC0-301F-11D3-BF4B-00C04F79EFBC}") = "Bluebird", "browser\src\Bluebird\Bluebird.csproj", "{3226F93F-C704-419D-A116-C5C02F81C7C6}"
EndProject
Project("{FAE04EC0-301F-11D3-BF4B-00C04F79EFBC}") = "Bluebird.Modules", "browser\src\Bluebird.Modules\Bluebird.Modules.csproj", "{ADE50839-AA20-4503-872C-E85EF1928BD9}"
EndProject
Project("{FAE04EC0-301F-11D3-BF4B-00C04F79EFBC}") = "MobileOS Update", "MobileOS Update\MobileOS Update.csproj", "{AEBB0E31-15ED-47F2-8130-607F7867356D}"
EndProject
Project("{FAE04EC0-301F-11D3-BF4B-00C04F79EFBC}") = "PowerDialogRewrite", "PowerDialogRewrite\PowerDialogRewrite.csproj", "{87073526-806E-4396-A7A9-BC280F9750A0}"
EndProject
Global
	GlobalSection(SolutionConfigurationPlatforms) = preSolution
		Debug|Any CPU = Debug|Any CPU
		Debug|ARM = Debug|ARM
		Debug|ARM64 = Debug|ARM64
		Debug|x64 = Debug|x64
		Debug|x86 = Debug|x86
		Release|Any CPU = Release|Any CPU
		Release|ARM = Release|ARM
		Release|ARM64 = Release|ARM64
		Release|x64 = Release|x64
		Release|x86 = Release|x86
	EndGlobalSection
	GlobalSection(ProjectConfigurationPlatforms) = postSolution
		{EB1B9CA9-6784-4E8B-862A-486E2B2E4F08}.Debug|Any CPU.ActiveCfg = Debug|x64
		{EB1B9CA9-6784-4E8B-862A-486E2B2E4F08}.Debug|Any CPU.Build.0 = Debug|x64
		{EB1B9CA9-6784-4E8B-862A-486E2B2E4F08}.Debug|Any CPU.Deploy.0 = Debug|x64
		{EB1B9CA9-6784-4E8B-862A-486E2B2E4F08}.Debug|ARM.ActiveCfg = Debug|ARM
		{EB1B9CA9-6784-4E8B-862A-486E2B2E4F08}.Debug|ARM.Build.0 = Debug|ARM
		{EB1B9CA9-6784-4E8B-862A-486E2B2E4F08}.Debug|ARM.Deploy.0 = Debug|ARM
		{EB1B9CA9-6784-4E8B-862A-486E2B2E4F08}.Debug|ARM64.ActiveCfg = Debug|ARM64
		{EB1B9CA9-6784-4E8B-862A-486E2B2E4F08}.Debug|ARM64.Build.0 = Debug|ARM64
		{EB1B9CA9-6784-4E8B-862A-486E2B2E4F08}.Debug|ARM64.Deploy.0 = Debug|ARM64
		{EB1B9CA9-6784-4E8B-862A-486E2B2E4F08}.Debug|x64.ActiveCfg = Debug|x64
		{EB1B9CA9-6784-4E8B-862A-486E2B2E4F08}.Debug|x64.Build.0 = Debug|x64
		{EB1B9CA9-6784-4E8B-862A-486E2B2E4F08}.Debug|x64.Deploy.0 = Debug|x64
		{EB1B9CA9-6784-4E8B-862A-486E2B2E4F08}.Debug|x86.ActiveCfg = Debug|x64
		{EB1B9CA9-6784-4E8B-862A-486E2B2E4F08}.Debug|x86.Build.0 = Debug|x64
		{EB1B9CA9-6784-4E8B-862A-486E2B2E4F08}.Debug|x86.Deploy.0 = Debug|x64
		{EB1B9CA9-6784-4E8B-862A-486E2B2E4F08}.Release|Any CPU.ActiveCfg = Release|x64
		{EB1B9CA9-6784-4E8B-862A-486E2B2E4F08}.Release|Any CPU.Build.0 = Release|x64
		{EB1B9CA9-6784-4E8B-862A-486E2B2E4F08}.Release|Any CPU.Deploy.0 = Release|x64
		{EB1B9CA9-6784-4E8B-862A-486E2B2E4F08}.Release|ARM.ActiveCfg = Release|ARM
		{EB1B9CA9-6784-4E8B-862A-486E2B2E4F08}.Release|ARM.Build.0 = Release|ARM
		{EB1B9CA9-6784-4E8B-862A-486E2B2E4F08}.Release|ARM.Deploy.0 = Release|ARM
		{EB1B9CA9-6784-4E8B-862A-486E2B2E4F08}.Release|ARM64.ActiveCfg = Release|ARM64
		{EB1B9CA9-6784-4E8B-862A-486E2B2E4F08}.Release|ARM64.Build.0 = Release|ARM64
		{EB1B9CA9-6784-4E8B-862A-486E2B2E4F08}.Release|ARM64.Deploy.0 = Release|ARM64
		{EB1B9CA9-6784-4E8B-862A-486E2B2E4F08}.Release|x64.ActiveCfg = Debug|x64
		{EB1B9CA9-6784-4E8B-862A-486E2B2E4F08}.Release|x64.Build.0 = Debug|x64
		{EB1B9CA9-6784-4E8B-862A-486E2B2E4F08}.Release|x64.Deploy.0 = Debug|x64
		{EB1B9CA9-6784-4E8B-862A-486E2B2E4F08}.Release|x86.ActiveCfg = Release|x86
		{EB1B9CA9-6784-4E8B-862A-486E2B2E4F08}.Release|x86.Build.0 = Release|x86
		{EB1B9CA9-6784-4E8B-862A-486E2B2E4F08}.Release|x86.Deploy.0 = Release|x86
		{4345E98B-2F22-4824-9C67-90DE0E7EE619}.Debug|Any CPU.ActiveCfg = Debug|Any CPU
		{4345E98B-2F22-4824-9C67-90DE0E7EE619}.Debug|Any CPU.Build.0 = Debug|Any CPU
		{4345E98B-2F22-4824-9C67-90DE0E7EE619}.Debug|ARM.ActiveCfg = Debug|ARM
		{4345E98B-2F22-4824-9C67-90DE0E7EE619}.Debug|ARM.Build.0 = Debug|ARM
		{4345E98B-2F22-4824-9C67-90DE0E7EE619}.Debug|ARM64.ActiveCfg = Debug|ARM64
		{4345E98B-2F22-4824-9C67-90DE0E7EE619}.Debug|ARM64.Build.0 = Debug|ARM64
		{4345E98B-2F22-4824-9C67-90DE0E7EE619}.Debug|x64.ActiveCfg = Debug|x64
		{4345E98B-2F22-4824-9C67-90DE0E7EE619}.Debug|x64.Build.0 = Debug|x64
		{4345E98B-2F22-4824-9C67-90DE0E7EE619}.Debug|x86.ActiveCfg = Debug|x64
		{4345E98B-2F22-4824-9C67-90DE0E7EE619}.Debug|x86.Build.0 = Debug|x64
		{4345E98B-2F22-4824-9C67-90DE0E7EE619}.Release|Any CPU.ActiveCfg = Release|Any CPU
		{4345E98B-2F22-4824-9C67-90DE0E7EE619}.Release|Any CPU.Build.0 = Release|Any CPU
		{4345E98B-2F22-4824-9C67-90DE0E7EE619}.Release|ARM.ActiveCfg = Release|ARM
		{4345E98B-2F22-4824-9C67-90DE0E7EE619}.Release|ARM.Build.0 = Release|ARM
		{4345E98B-2F22-4824-9C67-90DE0E7EE619}.Release|ARM64.ActiveCfg = Release|ARM64
		{4345E98B-2F22-4824-9C67-90DE0E7EE619}.Release|ARM64.Build.0 = Release|ARM64
		{4345E98B-2F22-4824-9C67-90DE0E7EE619}.Release|x64.ActiveCfg = Release|x64
		{4345E98B-2F22-4824-9C67-90DE0E7EE619}.Release|x64.Build.0 = Release|x64
		{4345E98B-2F22-4824-9C67-90DE0E7EE619}.Release|x86.ActiveCfg = Release|x86
		{4345E98B-2F22-4824-9C67-90DE0E7EE619}.Release|x86.Build.0 = Release|x86
		{14D3031D-F171-4D9E-B0B0-41B64BA4E65D}.Debug|Any CPU.ActiveCfg = Debug|Any CPU
		{14D3031D-F171-4D9E-B0B0-41B64BA4E65D}.Debug|Any CPU.Build.0 = Debug|Any CPU
		{14D3031D-F171-4D9E-B0B0-41B64BA4E65D}.Debug|Any CPU.Deploy.0 = Debug|Any CPU
		{14D3031D-F171-4D9E-B0B0-41B64BA4E65D}.Debug|ARM.ActiveCfg = Debug|ARM
		{14D3031D-F171-4D9E-B0B0-41B64BA4E65D}.Debug|ARM.Build.0 = Debug|ARM
		{14D3031D-F171-4D9E-B0B0-41B64BA4E65D}.Debug|ARM.Deploy.0 = Debug|ARM
		{14D3031D-F171-4D9E-B0B0-41B64BA4E65D}.Debug|ARM64.ActiveCfg = Debug|Any CPU
		{14D3031D-F171-4D9E-B0B0-41B64BA4E65D}.Debug|ARM64.Build.0 = Debug|Any CPU
		{14D3031D-F171-4D9E-B0B0-41B64BA4E65D}.Debug|ARM64.Deploy.0 = Debug|Any CPU
		{14D3031D-F171-4D9E-B0B0-41B64BA4E65D}.Debug|x64.ActiveCfg = Debug|x64
		{14D3031D-F171-4D9E-B0B0-41B64BA4E65D}.Debug|x64.Build.0 = Debug|x64
		{14D3031D-F171-4D9E-B0B0-41B64BA4E65D}.Debug|x64.Deploy.0 = Debug|x64
		{14D3031D-F171-4D9E-B0B0-41B64BA4E65D}.Debug|x86.ActiveCfg = Debug|x86
		{14D3031D-F171-4D9E-B0B0-41B64BA4E65D}.Debug|x86.Build.0 = Debug|x86
		{14D3031D-F171-4D9E-B0B0-41B64BA4E65D}.Debug|x86.Deploy.0 = Debug|x86
		{14D3031D-F171-4D9E-B0B0-41B64BA4E65D}.Release|Any CPU.ActiveCfg = Release|Any CPU
		{14D3031D-F171-4D9E-B0B0-41B64BA4E65D}.Release|Any CPU.Build.0 = Release|Any CPU
		{14D3031D-F171-4D9E-B0B0-41B64BA4E65D}.Release|Any CPU.Deploy.0 = Release|Any CPU
		{14D3031D-F171-4D9E-B0B0-41B64BA4E65D}.Release|ARM.ActiveCfg = Release|ARM
		{14D3031D-F171-4D9E-B0B0-41B64BA4E65D}.Release|ARM.Build.0 = Release|ARM
		{14D3031D-F171-4D9E-B0B0-41B64BA4E65D}.Release|ARM.Deploy.0 = Release|ARM
		{14D3031D-F171-4D9E-B0B0-41B64BA4E65D}.Release|ARM64.ActiveCfg = Release|Any CPU
		{14D3031D-F171-4D9E-B0B0-41B64BA4E65D}.Release|ARM64.Build.0 = Release|Any CPU
		{14D3031D-F171-4D9E-B0B0-41B64BA4E65D}.Release|ARM64.Deploy.0 = Release|Any CPU
		{14D3031D-F171-4D9E-B0B0-41B64BA4E65D}.Release|x64.ActiveCfg = Release|x64
		{14D3031D-F171-4D9E-B0B0-41B64BA4E65D}.Release|x64.Build.0 = Release|x64
		{14D3031D-F171-4D9E-B0B0-41B64BA4E65D}.Release|x64.Deploy.0 = Release|x64
		{14D3031D-F171-4D9E-B0B0-41B64BA4E65D}.Release|x86.ActiveCfg = Release|x86
		{14D3031D-F171-4D9E-B0B0-41B64BA4E65D}.Release|x86.Build.0 = Release|x86
		{14D3031D-F171-4D9E-B0B0-41B64BA4E65D}.Release|x86.Deploy.0 = Release|x86
		{0F974DC8-0C8D-49D6-BB9A-3CB88A2BE204}.Debug|Any CPU.ActiveCfg = Debug|Any CPU
		{0F974DC8-0C8D-49D6-BB9A-3CB88A2BE204}.Debug|Any CPU.Build.0 = Debug|Any CPU
		{0F974DC8-0C8D-49D6-BB9A-3CB88A2BE204}.Debug|ARM.ActiveCfg = Debug|Any CPU
		{0F974DC8-0C8D-49D6-BB9A-3CB88A2BE204}.Debug|ARM.Build.0 = Debug|Any CPU
		{0F974DC8-0C8D-49D6-BB9A-3CB88A2BE204}.Debug|ARM64.ActiveCfg = Debug|Any CPU
		{0F974DC8-0C8D-49D6-BB9A-3CB88A2BE204}.Debug|ARM64.Build.0 = Debug|Any CPU
		{0F974DC8-0C8D-49D6-BB9A-3CB88A2BE204}.Debug|x64.ActiveCfg = Debug|x64
		{0F974DC8-0C8D-49D6-BB9A-3CB88A2BE204}.Debug|x64.Build.0 = Debug|x64
		{0F974DC8-0C8D-49D6-BB9A-3CB88A2BE204}.Debug|x86.ActiveCfg = Debug|x64
		{0F974DC8-0C8D-49D6-BB9A-3CB88A2BE204}.Debug|x86.Build.0 = Debug|x64
		{0F974DC8-0C8D-49D6-BB9A-3CB88A2BE204}.Release|Any CPU.ActiveCfg = Release|Any CPU
		{0F974DC8-0C8D-49D6-BB9A-3CB88A2BE204}.Release|Any CPU.Build.0 = Release|Any CPU
		{0F974DC8-0C8D-49D6-BB9A-3CB88A2BE204}.Release|ARM.ActiveCfg = Release|Any CPU
		{0F974DC8-0C8D-49D6-BB9A-3CB88A2BE204}.Release|ARM.Build.0 = Release|Any CPU
		{0F974DC8-0C8D-49D6-BB9A-3CB88A2BE204}.Release|ARM64.ActiveCfg = Release|Any CPU
		{0F974DC8-0C8D-49D6-BB9A-3CB88A2BE204}.Release|ARM64.Build.0 = Release|Any CPU
		{0F974DC8-0C8D-49D6-BB9A-3CB88A2BE204}.Release|x64.ActiveCfg = Release|x64
		{0F974DC8-0C8D-49D6-BB9A-3CB88A2BE204}.Release|x64.Build.0 = Release|x64
		{0F974DC8-0C8D-49D6-BB9A-3CB88A2BE204}.Release|x86.ActiveCfg = Release|Any CPU
		{0F974DC8-0C8D-49D6-BB9A-3CB88A2BE204}.Release|x86.Build.0 = Release|Any CPU
		{97282269-6828-4D82-BD77-926F1D8B34CB}.Debug|Any CPU.ActiveCfg = Debug|Any CPU
		{97282269-6828-4D82-BD77-926F1D8B34CB}.Debug|Any CPU.Build.0 = Debug|Any CPU
		{97282269-6828-4D82-BD77-926F1D8B34CB}.Debug|Any CPU.Deploy.0 = Debug|Any CPU
		{97282269-6828-4D82-BD77-926F1D8B34CB}.Debug|ARM.ActiveCfg = Debug|ARM
		{97282269-6828-4D82-BD77-926F1D8B34CB}.Debug|ARM.Build.0 = Debug|ARM
		{97282269-6828-4D82-BD77-926F1D8B34CB}.Debug|ARM.Deploy.0 = Debug|ARM
		{97282269-6828-4D82-BD77-926F1D8B34CB}.Debug|ARM64.ActiveCfg = Debug|ARM64
		{97282269-6828-4D82-BD77-926F1D8B34CB}.Debug|ARM64.Build.0 = Debug|ARM64
		{97282269-6828-4D82-BD77-926F1D8B34CB}.Debug|ARM64.Deploy.0 = Debug|ARM64
		{97282269-6828-4D82-BD77-926F1D8B34CB}.Debug|x64.ActiveCfg = Debug|x64
		{97282269-6828-4D82-BD77-926F1D8B34CB}.Debug|x64.Build.0 = Debug|x64
		{97282269-6828-4D82-BD77-926F1D8B34CB}.Debug|x64.Deploy.0 = Debug|x64
		{97282269-6828-4D82-BD77-926F1D8B34CB}.Debug|x86.ActiveCfg = Debug|x64
		{97282269-6828-4D82-BD77-926F1D8B34CB}.Debug|x86.Build.0 = Debug|x64
		{97282269-6828-4D82-BD77-926F1D8B34CB}.Debug|x86.Deploy.0 = Debug|x64
		{97282269-6828-4D82-BD77-926F1D8B34CB}.Release|Any CPU.ActiveCfg = Release|Any CPU
		{97282269-6828-4D82-BD77-926F1D8B34CB}.Release|Any CPU.Build.0 = Release|Any CPU
		{97282269-6828-4D82-BD77-926F1D8B34CB}.Release|Any CPU.Deploy.0 = Release|Any CPU
		{97282269-6828-4D82-BD77-926F1D8B34CB}.Release|ARM.ActiveCfg = Release|ARM
		{97282269-6828-4D82-BD77-926F1D8B34CB}.Release|ARM.Build.0 = Release|ARM
		{97282269-6828-4D82-BD77-926F1D8B34CB}.Release|ARM.Deploy.0 = Release|ARM
		{97282269-6828-4D82-BD77-926F1D8B34CB}.Release|ARM64.ActiveCfg = Release|ARM64
		{97282269-6828-4D82-BD77-926F1D8B34CB}.Release|ARM64.Build.0 = Release|ARM64
		{97282269-6828-4D82-BD77-926F1D8B34CB}.Release|ARM64.Deploy.0 = Release|ARM64
		{97282269-6828-4D82-BD77-926F1D8B34CB}.Release|x64.ActiveCfg = Release|x64
		{97282269-6828-4D82-BD77-926F1D8B34CB}.Release|x64.Build.0 = Release|x64
		{97282269-6828-4D82-BD77-926F1D8B34CB}.Release|x64.Deploy.0 = Release|x64
		{97282269-6828-4D82-BD77-926F1D8B34CB}.Release|x86.ActiveCfg = Release|x86
		{97282269-6828-4D82-BD77-926F1D8B34CB}.Release|x86.Build.0 = Release|x86
		{97282269-6828-4D82-BD77-926F1D8B34CB}.Release|x86.Deploy.0 = Release|x86
		{7F75D93A-FA8B-4AD6-812A-5CCD5E69325E}.Debug|Any CPU.ActiveCfg = Debug|Any CPU
		{7F75D93A-FA8B-4AD6-812A-5CCD5E69325E}.Debug|Any CPU.Build.0 = Debug|Any CPU
		{7F75D93A-FA8B-4AD6-812A-5CCD5E69325E}.Debug|ARM.ActiveCfg = Debug|Any CPU
		{7F75D93A-FA8B-4AD6-812A-5CCD5E69325E}.Debug|ARM.Build.0 = Debug|Any CPU
		{7F75D93A-FA8B-4AD6-812A-5CCD5E69325E}.Debug|ARM64.ActiveCfg = Debug|Any CPU
		{7F75D93A-FA8B-4AD6-812A-5CCD5E69325E}.Debug|ARM64.Build.0 = Debug|Any CPU
		{7F75D93A-FA8B-4AD6-812A-5CCD5E69325E}.Debug|x64.ActiveCfg = Debug|x64
		{7F75D93A-FA8B-4AD6-812A-5CCD5E69325E}.Debug|x64.Build.0 = Debug|x64
		{7F75D93A-FA8B-4AD6-812A-5CCD5E69325E}.Debug|x86.ActiveCfg = Debug|x64
		{7F75D93A-FA8B-4AD6-812A-5CCD5E69325E}.Debug|x86.Build.0 = Debug|x64
		{7F75D93A-FA8B-4AD6-812A-5CCD5E69325E}.Release|Any CPU.ActiveCfg = Release|Any CPU
		{7F75D93A-FA8B-4AD6-812A-5CCD5E69325E}.Release|Any CPU.Build.0 = Release|Any CPU
		{7F75D93A-FA8B-4AD6-812A-5CCD5E69325E}.Release|ARM.ActiveCfg = Release|Any CPU
		{7F75D93A-FA8B-4AD6-812A-5CCD5E69325E}.Release|ARM.Build.0 = Release|Any CPU
		{7F75D93A-FA8B-4AD6-812A-5CCD5E69325E}.Release|ARM64.ActiveCfg = Release|Any CPU
		{7F75D93A-FA8B-4AD6-812A-5CCD5E69325E}.Release|ARM64.Build.0 = Release|Any CPU
		{7F75D93A-FA8B-4AD6-812A-5CCD5E69325E}.Release|x64.ActiveCfg = Release|x64
		{7F75D93A-FA8B-4AD6-812A-5CCD5E69325E}.Release|x64.Build.0 = Release|x64
		{7F75D93A-FA8B-4AD6-812A-5CCD5E69325E}.Release|x86.ActiveCfg = Release|Any CPU
		{7F75D93A-FA8B-4AD6-812A-5CCD5E69325E}.Release|x86.Build.0 = Release|Any CPU
		{EF86C609-BD82-437B-9CD8-0A48ABADBDC4}.Debug|Any CPU.ActiveCfg = Debug|Any CPU
		{EF86C609-BD82-437B-9CD8-0A48ABADBDC4}.Debug|Any CPU.Build.0 = Debug|Any CPU
		{EF86C609-BD82-437B-9CD8-0A48ABADBDC4}.Debug|Any CPU.Deploy.0 = Debug|Any CPU
		{EF86C609-BD82-437B-9CD8-0A48ABADBDC4}.Debug|ARM.ActiveCfg = Debug|ARM
		{EF86C609-BD82-437B-9CD8-0A48ABADBDC4}.Debug|ARM.Build.0 = Debug|ARM
		{EF86C609-BD82-437B-9CD8-0A48ABADBDC4}.Debug|ARM.Deploy.0 = Debug|ARM
		{EF86C609-BD82-437B-9CD8-0A48ABADBDC4}.Debug|ARM64.ActiveCfg = Debug|ARM64
		{EF86C609-BD82-437B-9CD8-0A48ABADBDC4}.Debug|ARM64.Build.0 = Debug|ARM64
		{EF86C609-BD82-437B-9CD8-0A48ABADBDC4}.Debug|ARM64.Deploy.0 = Debug|ARM64
		{EF86C609-BD82-437B-9CD8-0A48ABADBDC4}.Debug|x64.ActiveCfg = Debug|x64
		{EF86C609-BD82-437B-9CD8-0A48ABADBDC4}.Debug|x64.Build.0 = Debug|x64
		{EF86C609-BD82-437B-9CD8-0A48ABADBDC4}.Debug|x64.Deploy.0 = Debug|x64
		{EF86C609-BD82-437B-9CD8-0A48ABADBDC4}.Debug|x86.ActiveCfg = Debug|x64
		{EF86C609-BD82-437B-9CD8-0A48ABADBDC4}.Debug|x86.Build.0 = Debug|x64
		{EF86C609-BD82-437B-9CD8-0A48ABADBDC4}.Debug|x86.Deploy.0 = Debug|x64
		{EF86C609-BD82-437B-9CD8-0A48ABADBDC4}.Release|Any CPU.ActiveCfg = Release|Any CPU
		{EF86C609-BD82-437B-9CD8-0A48ABADBDC4}.Release|Any CPU.Build.0 = Release|Any CPU
		{EF86C609-BD82-437B-9CD8-0A48ABADBDC4}.Release|Any CPU.Deploy.0 = Release|Any CPU
		{EF86C609-BD82-437B-9CD8-0A48ABADBDC4}.Release|ARM.ActiveCfg = Release|ARM
		{EF86C609-BD82-437B-9CD8-0A48ABADBDC4}.Release|ARM.Build.0 = Release|ARM
		{EF86C609-BD82-437B-9CD8-0A48ABADBDC4}.Release|ARM.Deploy.0 = Release|ARM
		{EF86C609-BD82-437B-9CD8-0A48ABADBDC4}.Release|ARM64.ActiveCfg = Release|ARM64
		{EF86C609-BD82-437B-9CD8-0A48ABADBDC4}.Release|ARM64.Build.0 = Release|ARM64
		{EF86C609-BD82-437B-9CD8-0A48ABADBDC4}.Release|ARM64.Deploy.0 = Release|ARM64
		{EF86C609-BD82-437B-9CD8-0A48ABADBDC4}.Release|x64.ActiveCfg = Release|x64
		{EF86C609-BD82-437B-9CD8-0A48ABADBDC4}.Release|x64.Build.0 = Release|x64
		{EF86C609-BD82-437B-9CD8-0A48ABADBDC4}.Release|x64.Deploy.0 = Release|x64
		{EF86C609-BD82-437B-9CD8-0A48ABADBDC4}.Release|x86.ActiveCfg = Release|x86
		{EF86C609-BD82-437B-9CD8-0A48ABADBDC4}.Release|x86.Build.0 = Release|x86
		{EF86C609-BD82-437B-9CD8-0A48ABADBDC4}.Release|x86.Deploy.0 = Release|x86
		{195CB0A7-4898-434E-8E3A-42B75AF15979}.Debug|Any CPU.ActiveCfg = Debug|Any CPU
		{195CB0A7-4898-434E-8E3A-42B75AF15979}.Debug|Any CPU.Build.0 = Debug|Any CPU
		{195CB0A7-4898-434E-8E3A-42B75AF15979}.Debug|ARM.ActiveCfg = Debug|Any CPU
		{195CB0A7-4898-434E-8E3A-42B75AF15979}.Debug|ARM.Build.0 = Debug|Any CPU
		{195CB0A7-4898-434E-8E3A-42B75AF15979}.Debug|ARM64.ActiveCfg = Debug|Any CPU
		{195CB0A7-4898-434E-8E3A-42B75AF15979}.Debug|ARM64.Build.0 = Debug|Any CPU
		{195CB0A7-4898-434E-8E3A-42B75AF15979}.Debug|x64.ActiveCfg = Debug|x64
		{195CB0A7-4898-434E-8E3A-42B75AF15979}.Debug|x64.Build.0 = Debug|x64
		{195CB0A7-4898-434E-8E3A-42B75AF15979}.Debug|x86.ActiveCfg = Debug|x64
		{195CB0A7-4898-434E-8E3A-42B75AF15979}.Debug|x86.Build.0 = Debug|x64
		{195CB0A7-4898-434E-8E3A-42B75AF15979}.Release|Any CPU.ActiveCfg = Release|Any CPU
		{195CB0A7-4898-434E-8E3A-42B75AF15979}.Release|Any CPU.Build.0 = Release|Any CPU
		{195CB0A7-4898-434E-8E3A-42B75AF15979}.Release|ARM.ActiveCfg = Release|Any CPU
		{195CB0A7-4898-434E-8E3A-42B75AF15979}.Release|ARM.Build.0 = Release|Any CPU
		{195CB0A7-4898-434E-8E3A-42B75AF15979}.Release|ARM64.ActiveCfg = Release|x86
		{195CB0A7-4898-434E-8E3A-42B75AF15979}.Release|ARM64.Build.0 = Release|x86
		{195CB0A7-4898-434E-8E3A-42B75AF15979}.Release|x64.ActiveCfg = Release|x86
		{195CB0A7-4898-434E-8E3A-42B75AF15979}.Release|x64.Build.0 = Release|x86
		{195CB0A7-4898-434E-8E3A-42B75AF15979}.Release|x86.ActiveCfg = Release|Any CPU
		{195CB0A7-4898-434E-8E3A-42B75AF15979}.Release|x86.Build.0 = Release|Any CPU
		{4CD50160-597D-47BD-AF35-29ABECC708CB}.Debug|Any CPU.ActiveCfg = Debug|Any CPU
		{4CD50160-597D-47BD-AF35-29ABECC708CB}.Debug|Any CPU.Build.0 = Debug|Any CPU
		{4CD50160-597D-47BD-AF35-29ABECC708CB}.Debug|Any CPU.Deploy.0 = Debug|Any CPU
		{4CD50160-597D-47BD-AF35-29ABECC708CB}.Debug|ARM.ActiveCfg = Debug|ARM
		{4CD50160-597D-47BD-AF35-29ABECC708CB}.Debug|ARM.Build.0 = Debug|ARM
		{4CD50160-597D-47BD-AF35-29ABECC708CB}.Debug|ARM.Deploy.0 = Debug|ARM
		{4CD50160-597D-47BD-AF35-29ABECC708CB}.Debug|ARM64.ActiveCfg = Debug|ARM64
		{4CD50160-597D-47BD-AF35-29ABECC708CB}.Debug|ARM64.Build.0 = Debug|ARM64
		{4CD50160-597D-47BD-AF35-29ABECC708CB}.Debug|ARM64.Deploy.0 = Debug|ARM64
		{4CD50160-597D-47BD-AF35-29ABECC708CB}.Debug|x64.ActiveCfg = Debug|x64
		{4CD50160-597D-47BD-AF35-29ABECC708CB}.Debug|x64.Build.0 = Debug|x64
		{4CD50160-597D-47BD-AF35-29ABECC708CB}.Debug|x64.Deploy.0 = Debug|x64
		{4CD50160-597D-47BD-AF35-29ABECC708CB}.Debug|x86.ActiveCfg = Debug|x64
		{4CD50160-597D-47BD-AF35-29ABECC708CB}.Debug|x86.Build.0 = Debug|x64
		{4CD50160-597D-47BD-AF35-29ABECC708CB}.Debug|x86.Deploy.0 = Debug|x64
		{4CD50160-597D-47BD-AF35-29ABECC708CB}.Release|Any CPU.ActiveCfg = Release|Any CPU
		{4CD50160-597D-47BD-AF35-29ABECC708CB}.Release|Any CPU.Build.0 = Release|Any CPU
		{4CD50160-597D-47BD-AF35-29ABECC708CB}.Release|Any CPU.Deploy.0 = Release|Any CPU
		{4CD50160-597D-47BD-AF35-29ABECC708CB}.Release|ARM.ActiveCfg = Release|ARM
		{4CD50160-597D-47BD-AF35-29ABECC708CB}.Release|ARM.Build.0 = Release|ARM
		{4CD50160-597D-47BD-AF35-29ABECC708CB}.Release|ARM.Deploy.0 = Release|ARM
		{4CD50160-597D-47BD-AF35-29ABECC708CB}.Release|ARM64.ActiveCfg = Release|x86
		{4CD50160-597D-47BD-AF35-29ABECC708CB}.Release|ARM64.Build.0 = Release|x86
		{4CD50160-597D-47BD-AF35-29ABECC708CB}.Release|ARM64.Deploy.0 = Release|x86
		{4CD50160-597D-47BD-AF35-29ABECC708CB}.Release|x64.ActiveCfg = Release|x86
		{4CD50160-597D-47BD-AF35-29ABECC708CB}.Release|x64.Build.0 = Release|x86
		{4CD50160-597D-47BD-AF35-29ABECC708CB}.Release|x64.Deploy.0 = Release|x86
		{4CD50160-597D-47BD-AF35-29ABECC708CB}.Release|x86.ActiveCfg = Release|x86
		{4CD50160-597D-47BD-AF35-29ABECC708CB}.Release|x86.Build.0 = Release|x86
		{4CD50160-597D-47BD-AF35-29ABECC708CB}.Release|x86.Deploy.0 = Release|x86
		{604B48AB-7F68-472D-965A-F3A8F1AB5459}.Debug|Any CPU.ActiveCfg = Debug|Any CPU
		{604B48AB-7F68-472D-965A-F3A8F1AB5459}.Debug|Any CPU.Build.0 = Debug|Any CPU
		{604B48AB-7F68-472D-965A-F3A8F1AB5459}.Debug|ARM.ActiveCfg = Debug|Any CPU
		{604B48AB-7F68-472D-965A-F3A8F1AB5459}.Debug|ARM.Build.0 = Debug|Any CPU
		{604B48AB-7F68-472D-965A-F3A8F1AB5459}.Debug|ARM64.ActiveCfg = Debug|Any CPU
		{604B48AB-7F68-472D-965A-F3A8F1AB5459}.Debug|ARM64.Build.0 = Debug|Any CPU
		{604B48AB-7F68-472D-965A-F3A8F1AB5459}.Debug|x64.ActiveCfg = Debug|ARM64
		{604B48AB-7F68-472D-965A-F3A8F1AB5459}.Debug|x64.Build.0 = Debug|ARM64
		{604B48AB-7F68-472D-965A-F3A8F1AB5459}.Debug|x86.ActiveCfg = Debug|x64
		{604B48AB-7F68-472D-965A-F3A8F1AB5459}.Debug|x86.Build.0 = Debug|x64
		{604B48AB-7F68-472D-965A-F3A8F1AB5459}.Release|Any CPU.ActiveCfg = Release|Any CPU
		{604B48AB-7F68-472D-965A-F3A8F1AB5459}.Release|Any CPU.Build.0 = Release|Any CPU
		{604B48AB-7F68-472D-965A-F3A8F1AB5459}.Release|ARM.ActiveCfg = Release|Any CPU
		{604B48AB-7F68-472D-965A-F3A8F1AB5459}.Release|ARM.Build.0 = Release|Any CPU
		{604B48AB-7F68-472D-965A-F3A8F1AB5459}.Release|ARM64.ActiveCfg = Release|x86
		{604B48AB-7F68-472D-965A-F3A8F1AB5459}.Release|ARM64.Build.0 = Release|x86
		{604B48AB-7F68-472D-965A-F3A8F1AB5459}.Release|x64.ActiveCfg = Release|x86
		{604B48AB-7F68-472D-965A-F3A8F1AB5459}.Release|x64.Build.0 = Release|x86
		{604B48AB-7F68-472D-965A-F3A8F1AB5459}.Release|x86.ActiveCfg = Release|Any CPU
		{604B48AB-7F68-472D-965A-F3A8F1AB5459}.Release|x86.Build.0 = Release|Any CPU
		{20DD6716-C0AB-4288-8036-BED1E3766906}.Debug|Any CPU.ActiveCfg = Debug|Any CPU
		{20DD6716-C0AB-4288-8036-BED1E3766906}.Debug|Any CPU.Build.0 = Debug|Any CPU
		{20DD6716-C0AB-4288-8036-BED1E3766906}.Debug|Any CPU.Deploy.0 = Debug|Any CPU
		{20DD6716-C0AB-4288-8036-BED1E3766906}.Debug|ARM.ActiveCfg = Debug|ARM
		{20DD6716-C0AB-4288-8036-BED1E3766906}.Debug|ARM.Build.0 = Debug|ARM
		{20DD6716-C0AB-4288-8036-BED1E3766906}.Debug|ARM.Deploy.0 = Debug|ARM
		{20DD6716-C0AB-4288-8036-BED1E3766906}.Debug|ARM64.ActiveCfg = Debug|ARM64
		{20DD6716-C0AB-4288-8036-BED1E3766906}.Debug|ARM64.Build.0 = Debug|ARM64
		{20DD6716-C0AB-4288-8036-BED1E3766906}.Debug|ARM64.Deploy.0 = Debug|ARM64
		{20DD6716-C0AB-4288-8036-BED1E3766906}.Debug|x64.ActiveCfg = Debug|ARM64
		{20DD6716-C0AB-4288-8036-BED1E3766906}.Debug|x64.Build.0 = Debug|ARM64
		{20DD6716-C0AB-4288-8036-BED1E3766906}.Debug|x64.Deploy.0 = Debug|ARM64
		{20DD6716-C0AB-4288-8036-BED1E3766906}.Debug|x86.ActiveCfg = Debug|x64
		{20DD6716-C0AB-4288-8036-BED1E3766906}.Debug|x86.Build.0 = Debug|x64
		{20DD6716-C0AB-4288-8036-BED1E3766906}.Debug|x86.Deploy.0 = Debug|x64
		{20DD6716-C0AB-4288-8036-BED1E3766906}.Release|Any CPU.ActiveCfg = Release|Any CPU
		{20DD6716-C0AB-4288-8036-BED1E3766906}.Release|Any CPU.Build.0 = Release|Any CPU
		{20DD6716-C0AB-4288-8036-BED1E3766906}.Release|Any CPU.Deploy.0 = Release|Any CPU
		{20DD6716-C0AB-4288-8036-BED1E3766906}.Release|ARM.ActiveCfg = Release|ARM
		{20DD6716-C0AB-4288-8036-BED1E3766906}.Release|ARM.Build.0 = Release|ARM
		{20DD6716-C0AB-4288-8036-BED1E3766906}.Release|ARM.Deploy.0 = Release|ARM
		{20DD6716-C0AB-4288-8036-BED1E3766906}.Release|ARM64.ActiveCfg = Release|ARM64
		{20DD6716-C0AB-4288-8036-BED1E3766906}.Release|ARM64.Build.0 = Release|ARM64
		{20DD6716-C0AB-4288-8036-BED1E3766906}.Release|ARM64.Deploy.0 = Release|ARM64
		{20DD6716-C0AB-4288-8036-BED1E3766906}.Release|x64.ActiveCfg = Release|x86
		{20DD6716-C0AB-4288-8036-BED1E3766906}.Release|x64.Build.0 = Release|x86
		{20DD6716-C0AB-4288-8036-BED1E3766906}.Release|x64.Deploy.0 = Release|x86
		{20DD6716-C0AB-4288-8036-BED1E3766906}.Release|x86.ActiveCfg = Release|x86
		{20DD6716-C0AB-4288-8036-BED1E3766906}.Release|x86.Build.0 = Release|x86
		{20DD6716-C0AB-4288-8036-BED1E3766906}.Release|x86.Deploy.0 = Release|x86
		{34CACCBC-2F1C-4E85-9572-B9E6125836C9}.Debug|Any CPU.ActiveCfg = Debug|x64
		{34CACCBC-2F1C-4E85-9572-B9E6125836C9}.Debug|ARM.ActiveCfg = Debug|x64
		{34CACCBC-2F1C-4E85-9572-B9E6125836C9}.Debug|ARM64.ActiveCfg = Debug|x64
		{34CACCBC-2F1C-4E85-9572-B9E6125836C9}.Debug|x64.ActiveCfg = Debug|ARM64
		{34CACCBC-2F1C-4E85-9572-B9E6125836C9}.Debug|x64.Build.0 = Debug|ARM64
		{34CACCBC-2F1C-4E85-9572-B9E6125836C9}.Debug|x86.ActiveCfg = Debug|x64
		{34CACCBC-2F1C-4E85-9572-B9E6125836C9}.Release|Any CPU.ActiveCfg = Release|x64
		{34CACCBC-2F1C-4E85-9572-B9E6125836C9}.Release|ARM.ActiveCfg = Release|x64
		{34CACCBC-2F1C-4E85-9572-B9E6125836C9}.Release|ARM64.ActiveCfg = Release|ARM64
		{34CACCBC-2F1C-4E85-9572-B9E6125836C9}.Release|x64.ActiveCfg = Release|x86
		{34CACCBC-2F1C-4E85-9572-B9E6125836C9}.Release|x64.Build.0 = Release|x86
		{34CACCBC-2F1C-4E85-9572-B9E6125836C9}.Release|x86.ActiveCfg = Release|x86
		{A6868E4E-A527-43F0-918F-D86E4C87FCA6}.Debug|Any CPU.ActiveCfg = Debug|Any CPU
		{A6868E4E-A527-43F0-918F-D86E4C87FCA6}.Debug|Any CPU.Build.0 = Debug|Any CPU
		{A6868E4E-A527-43F0-918F-D86E4C87FCA6}.Debug|Any CPU.Deploy.0 = Debug|Any CPU
		{A6868E4E-A527-43F0-918F-D86E4C87FCA6}.Debug|ARM.ActiveCfg = Debug|ARM
		{A6868E4E-A527-43F0-918F-D86E4C87FCA6}.Debug|ARM.Build.0 = Debug|ARM
		{A6868E4E-A527-43F0-918F-D86E4C87FCA6}.Debug|ARM.Deploy.0 = Debug|ARM
		{A6868E4E-A527-43F0-918F-D86E4C87FCA6}.Debug|ARM64.ActiveCfg = Debug|ARM64
		{A6868E4E-A527-43F0-918F-D86E4C87FCA6}.Debug|ARM64.Build.0 = Debug|ARM64
		{A6868E4E-A527-43F0-918F-D86E4C87FCA6}.Debug|ARM64.Deploy.0 = Debug|ARM64
		{A6868E4E-A527-43F0-918F-D86E4C87FCA6}.Debug|x64.ActiveCfg = Debug|ARM64
		{A6868E4E-A527-43F0-918F-D86E4C87FCA6}.Debug|x64.Build.0 = Debug|ARM64
		{A6868E4E-A527-43F0-918F-D86E4C87FCA6}.Debug|x64.Deploy.0 = Debug|ARM64
		{A6868E4E-A527-43F0-918F-D86E4C87FCA6}.Debug|x86.ActiveCfg = Debug|x64
		{A6868E4E-A527-43F0-918F-D86E4C87FCA6}.Debug|x86.Build.0 = Debug|x64
		{A6868E4E-A527-43F0-918F-D86E4C87FCA6}.Debug|x86.Deploy.0 = Debug|x64
		{A6868E4E-A527-43F0-918F-D86E4C87FCA6}.Release|Any CPU.ActiveCfg = Release|Any CPU
		{A6868E4E-A527-43F0-918F-D86E4C87FCA6}.Release|Any CPU.Build.0 = Release|Any CPU
		{A6868E4E-A527-43F0-918F-D86E4C87FCA6}.Release|Any CPU.Deploy.0 = Release|Any CPU
		{A6868E4E-A527-43F0-918F-D86E4C87FCA6}.Release|ARM.ActiveCfg = Release|ARM
		{A6868E4E-A527-43F0-918F-D86E4C87FCA6}.Release|ARM.Build.0 = Release|ARM
		{A6868E4E-A527-43F0-918F-D86E4C87FCA6}.Release|ARM.Deploy.0 = Release|ARM
		{A6868E4E-A527-43F0-918F-D86E4C87FCA6}.Release|ARM64.ActiveCfg = Release|ARM64
		{A6868E4E-A527-43F0-918F-D86E4C87FCA6}.Release|ARM64.Build.0 = Release|ARM64
		{A6868E4E-A527-43F0-918F-D86E4C87FCA6}.Release|ARM64.Deploy.0 = Release|ARM64
		{A6868E4E-A527-43F0-918F-D86E4C87FCA6}.Release|x64.ActiveCfg = Release|x86
		{A6868E4E-A527-43F0-918F-D86E4C87FCA6}.Release|x64.Build.0 = Release|x86
		{A6868E4E-A527-43F0-918F-D86E4C87FCA6}.Release|x64.Deploy.0 = Release|x86
		{A6868E4E-A527-43F0-918F-D86E4C87FCA6}.Release|x86.ActiveCfg = Release|x86
		{A6868E4E-A527-43F0-918F-D86E4C87FCA6}.Release|x86.Build.0 = Release|x86
		{A6868E4E-A527-43F0-918F-D86E4C87FCA6}.Release|x86.Deploy.0 = Release|x86
		{5BEEA5A2-AEA2-4507-8178-3E0511C56CF0}.Debug|Any CPU.ActiveCfg = Debug|Any CPU
		{5BEEA5A2-AEA2-4507-8178-3E0511C56CF0}.Debug|Any CPU.Build.0 = Debug|Any CPU
		{5BEEA5A2-AEA2-4507-8178-3E0511C56CF0}.Debug|Any CPU.Deploy.0 = Debug|Any CPU
		{5BEEA5A2-AEA2-4507-8178-3E0511C56CF0}.Debug|ARM.ActiveCfg = Debug|ARM
		{5BEEA5A2-AEA2-4507-8178-3E0511C56CF0}.Debug|ARM.Build.0 = Debug|ARM
		{5BEEA5A2-AEA2-4507-8178-3E0511C56CF0}.Debug|ARM.Deploy.0 = Debug|ARM
		{5BEEA5A2-AEA2-4507-8178-3E0511C56CF0}.Debug|ARM64.ActiveCfg = Debug|ARM64
		{5BEEA5A2-AEA2-4507-8178-3E0511C56CF0}.Debug|ARM64.Build.0 = Debug|ARM64
		{5BEEA5A2-AEA2-4507-8178-3E0511C56CF0}.Debug|ARM64.Deploy.0 = Debug|ARM64
		{5BEEA5A2-AEA2-4507-8178-3E0511C56CF0}.Debug|x64.ActiveCfg = Debug|x64
		{5BEEA5A2-AEA2-4507-8178-3E0511C56CF0}.Debug|x64.Build.0 = Debug|x64
		{5BEEA5A2-AEA2-4507-8178-3E0511C56CF0}.Debug|x64.Deploy.0 = Debug|x64
		{5BEEA5A2-AEA2-4507-8178-3E0511C56CF0}.Debug|x86.ActiveCfg = Debug|x86
		{5BEEA5A2-AEA2-4507-8178-3E0511C56CF0}.Debug|x86.Build.0 = Debug|x86
		{5BEEA5A2-AEA2-4507-8178-3E0511C56CF0}.Debug|x86.Deploy.0 = Debug|x86
		{5BEEA5A2-AEA2-4507-8178-3E0511C56CF0}.Release|Any CPU.ActiveCfg = Release|Any CPU
		{5BEEA5A2-AEA2-4507-8178-3E0511C56CF0}.Release|Any CPU.Build.0 = Release|Any CPU
		{5BEEA5A2-AEA2-4507-8178-3E0511C56CF0}.Release|Any CPU.Deploy.0 = Release|Any CPU
		{5BEEA5A2-AEA2-4507-8178-3E0511C56CF0}.Release|ARM.ActiveCfg = Release|ARM
		{5BEEA5A2-AEA2-4507-8178-3E0511C56CF0}.Release|ARM.Build.0 = Release|ARM
		{5BEEA5A2-AEA2-4507-8178-3E0511C56CF0}.Release|ARM.Deploy.0 = Release|ARM
		{5BEEA5A2-AEA2-4507-8178-3E0511C56CF0}.Release|ARM64.ActiveCfg = Release|ARM64
		{5BEEA5A2-AEA2-4507-8178-3E0511C56CF0}.Release|ARM64.Build.0 = Release|ARM64
		{5BEEA5A2-AEA2-4507-8178-3E0511C56CF0}.Release|ARM64.Deploy.0 = Release|ARM64
		{5BEEA5A2-AEA2-4507-8178-3E0511C56CF0}.Release|x64.ActiveCfg = Release|x64
		{5BEEA5A2-AEA2-4507-8178-3E0511C56CF0}.Release|x64.Build.0 = Release|x64
		{5BEEA5A2-AEA2-4507-8178-3E0511C56CF0}.Release|x64.Deploy.0 = Release|x64
		{5BEEA5A2-AEA2-4507-8178-3E0511C56CF0}.Release|x86.ActiveCfg = Release|x86
		{5BEEA5A2-AEA2-4507-8178-3E0511C56CF0}.Release|x86.Build.0 = Release|x86
		{5BEEA5A2-AEA2-4507-8178-3E0511C56CF0}.Release|x86.Deploy.0 = Release|x86
		{020EE1C0-2940-4B2B-A355-867D2A4DD576}.Debug|Any CPU.ActiveCfg = Debug|x64
		{020EE1C0-2940-4B2B-A355-867D2A4DD576}.Debug|Any CPU.Build.0 = Debug|x64
		{020EE1C0-2940-4B2B-A355-867D2A4DD576}.Debug|Any CPU.Deploy.0 = Debug|x64
		{020EE1C0-2940-4B2B-A355-867D2A4DD576}.Debug|ARM.ActiveCfg = Debug|ARM
		{020EE1C0-2940-4B2B-A355-867D2A4DD576}.Debug|ARM.Build.0 = Debug|ARM
		{020EE1C0-2940-4B2B-A355-867D2A4DD576}.Debug|ARM.Deploy.0 = Debug|ARM
		{020EE1C0-2940-4B2B-A355-867D2A4DD576}.Debug|ARM64.ActiveCfg = Debug|ARM64
		{020EE1C0-2940-4B2B-A355-867D2A4DD576}.Debug|ARM64.Build.0 = Debug|ARM64
		{020EE1C0-2940-4B2B-A355-867D2A4DD576}.Debug|ARM64.Deploy.0 = Debug|ARM64
		{020EE1C0-2940-4B2B-A355-867D2A4DD576}.Debug|x64.ActiveCfg = Debug|x64
		{020EE1C0-2940-4B2B-A355-867D2A4DD576}.Debug|x64.Build.0 = Debug|x64
		{020EE1C0-2940-4B2B-A355-867D2A4DD576}.Debug|x64.Deploy.0 = Debug|x64
		{020EE1C0-2940-4B2B-A355-867D2A4DD576}.Debug|x86.ActiveCfg = Debug|x86
		{020EE1C0-2940-4B2B-A355-867D2A4DD576}.Debug|x86.Build.0 = Debug|x86
		{020EE1C0-2940-4B2B-A355-867D2A4DD576}.Debug|x86.Deploy.0 = Debug|x86
		{020EE1C0-2940-4B2B-A355-867D2A4DD576}.Release|Any CPU.ActiveCfg = Release|x64
		{020EE1C0-2940-4B2B-A355-867D2A4DD576}.Release|Any CPU.Build.0 = Release|x64
		{020EE1C0-2940-4B2B-A355-867D2A4DD576}.Release|Any CPU.Deploy.0 = Release|x64
		{020EE1C0-2940-4B2B-A355-867D2A4DD576}.Release|ARM.ActiveCfg = Release|ARM
		{020EE1C0-2940-4B2B-A355-867D2A4DD576}.Release|ARM.Build.0 = Release|ARM
		{020EE1C0-2940-4B2B-A355-867D2A4DD576}.Release|ARM.Deploy.0 = Release|ARM
		{020EE1C0-2940-4B2B-A355-867D2A4DD576}.Release|ARM64.ActiveCfg = Release|ARM64
		{020EE1C0-2940-4B2B-A355-867D2A4DD576}.Release|ARM64.Build.0 = Release|ARM64
		{020EE1C0-2940-4B2B-A355-867D2A4DD576}.Release|ARM64.Deploy.0 = Release|ARM64
		{020EE1C0-2940-4B2B-A355-867D2A4DD576}.Release|x64.ActiveCfg = Release|x64
		{020EE1C0-2940-4B2B-A355-867D2A4DD576}.Release|x64.Build.0 = Release|x64
		{020EE1C0-2940-4B2B-A355-867D2A4DD576}.Release|x64.Deploy.0 = Release|x64
		{020EE1C0-2940-4B2B-A355-867D2A4DD576}.Release|x86.ActiveCfg = Release|x86
		{020EE1C0-2940-4B2B-A355-867D2A4DD576}.Release|x86.Build.0 = Release|x86
		{020EE1C0-2940-4B2B-A355-867D2A4DD576}.Release|x86.Deploy.0 = Release|x86
		{88CF1B0A-759D-4E4E-94B1-391708367D1E}.Debug|Any CPU.ActiveCfg = Debug|Any CPU
		{88CF1B0A-759D-4E4E-94B1-391708367D1E}.Debug|Any CPU.Build.0 = Debug|Any CPU
		{88CF1B0A-759D-4E4E-94B1-391708367D1E}.Debug|ARM.ActiveCfg = Debug|Any CPU
		{88CF1B0A-759D-4E4E-94B1-391708367D1E}.Debug|ARM.Build.0 = Debug|Any CPU
		{88CF1B0A-759D-4E4E-94B1-391708367D1E}.Debug|ARM64.ActiveCfg = Debug|Any CPU
		{88CF1B0A-759D-4E4E-94B1-391708367D1E}.Debug|ARM64.Build.0 = Debug|Any CPU
		{88CF1B0A-759D-4E4E-94B1-391708367D1E}.Debug|x64.ActiveCfg = Debug|Any CPU
		{88CF1B0A-759D-4E4E-94B1-391708367D1E}.Debug|x64.Build.0 = Debug|Any CPU
		{88CF1B0A-759D-4E4E-94B1-391708367D1E}.Debug|x86.ActiveCfg = Debug|Any CPU
		{88CF1B0A-759D-4E4E-94B1-391708367D1E}.Debug|x86.Build.0 = Debug|Any CPU
		{88CF1B0A-759D-4E4E-94B1-391708367D1E}.Release|Any CPU.ActiveCfg = Release|Any CPU
		{88CF1B0A-759D-4E4E-94B1-391708367D1E}.Release|Any CPU.Build.0 = Release|Any CPU
		{88CF1B0A-759D-4E4E-94B1-391708367D1E}.Release|ARM.ActiveCfg = Release|Any CPU
		{88CF1B0A-759D-4E4E-94B1-391708367D1E}.Release|ARM.Build.0 = Release|Any CPU
		{88CF1B0A-759D-4E4E-94B1-391708367D1E}.Release|ARM64.ActiveCfg = Release|Any CPU
		{88CF1B0A-759D-4E4E-94B1-391708367D1E}.Release|ARM64.Build.0 = Release|Any CPU
		{88CF1B0A-759D-4E4E-94B1-391708367D1E}.Release|x64.ActiveCfg = Release|Any CPU
		{88CF1B0A-759D-4E4E-94B1-391708367D1E}.Release|x64.Build.0 = Release|Any CPU
		{88CF1B0A-759D-4E4E-94B1-391708367D1E}.Release|x86.ActiveCfg = Release|Any CPU
		{88CF1B0A-759D-4E4E-94B1-391708367D1E}.Release|x86.Build.0 = Release|Any CPU
		{3FC7BBB1-922F-4D87-BB5E-2D33CE2CFBC7}.Debug|Any CPU.ActiveCfg = Debug|x64
		{3FC7BBB1-922F-4D87-BB5E-2D33CE2CFBC7}.Debug|Any CPU.Build.0 = Debug|x64
		{3FC7BBB1-922F-4D87-BB5E-2D33CE2CFBC7}.Debug|ARM.ActiveCfg = Debug|ARM
		{3FC7BBB1-922F-4D87-BB5E-2D33CE2CFBC7}.Debug|ARM.Build.0 = Debug|ARM
		{3FC7BBB1-922F-4D87-BB5E-2D33CE2CFBC7}.Debug|ARM64.ActiveCfg = Debug|ARM64
		{3FC7BBB1-922F-4D87-BB5E-2D33CE2CFBC7}.Debug|ARM64.Build.0 = Debug|ARM64
		{3FC7BBB1-922F-4D87-BB5E-2D33CE2CFBC7}.Debug|x64.ActiveCfg = Debug|x64
		{3FC7BBB1-922F-4D87-BB5E-2D33CE2CFBC7}.Debug|x64.Build.0 = Debug|x64
		{3FC7BBB1-922F-4D87-BB5E-2D33CE2CFBC7}.Debug|x86.ActiveCfg = Debug|Win32
		{3FC7BBB1-922F-4D87-BB5E-2D33CE2CFBC7}.Debug|x86.Build.0 = Debug|Win32
		{3FC7BBB1-922F-4D87-BB5E-2D33CE2CFBC7}.Release|Any CPU.ActiveCfg = Release|x64
		{3FC7BBB1-922F-4D87-BB5E-2D33CE2CFBC7}.Release|Any CPU.Build.0 = Release|x64
		{3FC7BBB1-922F-4D87-BB5E-2D33CE2CFBC7}.Release|ARM.ActiveCfg = Release|ARM
		{3FC7BBB1-922F-4D87-BB5E-2D33CE2CFBC7}.Release|ARM.Build.0 = Release|ARM
		{3FC7BBB1-922F-4D87-BB5E-2D33CE2CFBC7}.Release|ARM64.ActiveCfg = Release|ARM64
		{3FC7BBB1-922F-4D87-BB5E-2D33CE2CFBC7}.Release|ARM64.Build.0 = Release|ARM64
		{3FC7BBB1-922F-4D87-BB5E-2D33CE2CFBC7}.Release|x64.ActiveCfg = Release|x64
		{3FC7BBB1-922F-4D87-BB5E-2D33CE2CFBC7}.Release|x64.Build.0 = Release|x64
		{3FC7BBB1-922F-4D87-BB5E-2D33CE2CFBC7}.Release|x86.ActiveCfg = Release|Win32
		{3FC7BBB1-922F-4D87-BB5E-2D33CE2CFBC7}.Release|x86.Build.0 = Release|Win32
		{8B91C758-C271-4483-B0F6-51FCEE9636C8}.Debug|Any CPU.ActiveCfg = Debug|x64
		{8B91C758-C271-4483-B0F6-51FCEE9636C8}.Debug|Any CPU.Build.0 = Debug|x64
		{8B91C758-C271-4483-B0F6-51FCEE9636C8}.Debug|Any CPU.Deploy.0 = Debug|x64
		{8B91C758-C271-4483-B0F6-51FCEE9636C8}.Debug|ARM.ActiveCfg = Debug|ARM
		{8B91C758-C271-4483-B0F6-51FCEE9636C8}.Debug|ARM.Build.0 = Debug|ARM
		{8B91C758-C271-4483-B0F6-51FCEE9636C8}.Debug|ARM.Deploy.0 = Debug|ARM
		{8B91C758-C271-4483-B0F6-51FCEE9636C8}.Debug|ARM64.ActiveCfg = Debug|ARM64
		{8B91C758-C271-4483-B0F6-51FCEE9636C8}.Debug|ARM64.Build.0 = Debug|ARM64
		{8B91C758-C271-4483-B0F6-51FCEE9636C8}.Debug|ARM64.Deploy.0 = Debug|ARM64
		{8B91C758-C271-4483-B0F6-51FCEE9636C8}.Debug|x64.ActiveCfg = Debug|x64
		{8B91C758-C271-4483-B0F6-51FCEE9636C8}.Debug|x64.Build.0 = Debug|x64
		{8B91C758-C271-4483-B0F6-51FCEE9636C8}.Debug|x64.Deploy.0 = Debug|x64
		{8B91C758-C271-4483-B0F6-51FCEE9636C8}.Debug|x86.ActiveCfg = Debug|x86
		{8B91C758-C271-4483-B0F6-51FCEE9636C8}.Debug|x86.Build.0 = Debug|x86
		{8B91C758-C271-4483-B0F6-51FCEE9636C8}.Debug|x86.Deploy.0 = Debug|x86
		{8B91C758-C271-4483-B0F6-51FCEE9636C8}.Release|Any CPU.ActiveCfg = Release|x64
		{8B91C758-C271-4483-B0F6-51FCEE9636C8}.Release|Any CPU.Build.0 = Release|x64
		{8B91C758-C271-4483-B0F6-51FCEE9636C8}.Release|Any CPU.Deploy.0 = Release|x64
		{8B91C758-C271-4483-B0F6-51FCEE9636C8}.Release|ARM.ActiveCfg = Release|ARM
		{8B91C758-C271-4483-B0F6-51FCEE9636C8}.Release|ARM.Build.0 = Release|ARM
		{8B91C758-C271-4483-B0F6-51FCEE9636C8}.Release|ARM.Deploy.0 = Release|ARM
		{8B91C758-C271-4483-B0F6-51FCEE9636C8}.Release|ARM64.ActiveCfg = Release|ARM64
		{8B91C758-C271-4483-B0F6-51FCEE9636C8}.Release|ARM64.Build.0 = Release|ARM64
		{8B91C758-C271-4483-B0F6-51FCEE9636C8}.Release|ARM64.Deploy.0 = Release|ARM64
		{8B91C758-C271-4483-B0F6-51FCEE9636C8}.Release|x64.ActiveCfg = Release|x64
		{8B91C758-C271-4483-B0F6-51FCEE9636C8}.Release|x64.Build.0 = Release|x64
		{8B91C758-C271-4483-B0F6-51FCEE9636C8}.Release|x64.Deploy.0 = Release|x64
		{8B91C758-C271-4483-B0F6-51FCEE9636C8}.Release|x86.ActiveCfg = Release|x86
		{8B91C758-C271-4483-B0F6-51FCEE9636C8}.Release|x86.Build.0 = Release|x86
		{8B91C758-C271-4483-B0F6-51FCEE9636C8}.Release|x86.Deploy.0 = Release|x86
		{1D0CC079-1E79-4042-8AE4-FB4DD1A6F572}.Debug|Any CPU.ActiveCfg = Debug|Any CPU
		{1D0CC079-1E79-4042-8AE4-FB4DD1A6F572}.Debug|Any CPU.Build.0 = Debug|Any CPU
		{1D0CC079-1E79-4042-8AE4-FB4DD1A6F572}.Debug|Any CPU.Deploy.0 = Debug|Any CPU
		{1D0CC079-1E79-4042-8AE4-FB4DD1A6F572}.Debug|ARM.ActiveCfg = Debug|ARM
		{1D0CC079-1E79-4042-8AE4-FB4DD1A6F572}.Debug|ARM.Build.0 = Debug|ARM
		{1D0CC079-1E79-4042-8AE4-FB4DD1A6F572}.Debug|ARM.Deploy.0 = Debug|ARM
		{1D0CC079-1E79-4042-8AE4-FB4DD1A6F572}.Debug|ARM64.ActiveCfg = Debug|ARM64
		{1D0CC079-1E79-4042-8AE4-FB4DD1A6F572}.Debug|ARM64.Build.0 = Debug|ARM64
		{1D0CC079-1E79-4042-8AE4-FB4DD1A6F572}.Debug|ARM64.Deploy.0 = Debug|ARM64
		{1D0CC079-1E79-4042-8AE4-FB4DD1A6F572}.Debug|x64.ActiveCfg = Debug|x64
		{1D0CC079-1E79-4042-8AE4-FB4DD1A6F572}.Debug|x64.Build.0 = Debug|x64
		{1D0CC079-1E79-4042-8AE4-FB4DD1A6F572}.Debug|x64.Deploy.0 = Debug|x64
		{1D0CC079-1E79-4042-8AE4-FB4DD1A6F572}.Debug|x86.ActiveCfg = Debug|x86
		{1D0CC079-1E79-4042-8AE4-FB4DD1A6F572}.Debug|x86.Build.0 = Debug|x86
		{1D0CC079-1E79-4042-8AE4-FB4DD1A6F572}.Debug|x86.Deploy.0 = Debug|x86
		{1D0CC079-1E79-4042-8AE4-FB4DD1A6F572}.Release|Any CPU.ActiveCfg = Release|Any CPU
		{1D0CC079-1E79-4042-8AE4-FB4DD1A6F572}.Release|Any CPU.Build.0 = Release|Any CPU
		{1D0CC079-1E79-4042-8AE4-FB4DD1A6F572}.Release|Any CPU.Deploy.0 = Release|Any CPU
		{1D0CC079-1E79-4042-8AE4-FB4DD1A6F572}.Release|ARM.ActiveCfg = Release|ARM
		{1D0CC079-1E79-4042-8AE4-FB4DD1A6F572}.Release|ARM.Build.0 = Release|ARM
		{1D0CC079-1E79-4042-8AE4-FB4DD1A6F572}.Release|ARM.Deploy.0 = Release|ARM
		{1D0CC079-1E79-4042-8AE4-FB4DD1A6F572}.Release|ARM64.ActiveCfg = Release|ARM64
		{1D0CC079-1E79-4042-8AE4-FB4DD1A6F572}.Release|ARM64.Build.0 = Release|ARM64
		{1D0CC079-1E79-4042-8AE4-FB4DD1A6F572}.Release|ARM64.Deploy.0 = Release|ARM64
		{1D0CC079-1E79-4042-8AE4-FB4DD1A6F572}.Release|x64.ActiveCfg = Release|x64
		{1D0CC079-1E79-4042-8AE4-FB4DD1A6F572}.Release|x64.Build.0 = Release|x64
		{1D0CC079-1E79-4042-8AE4-FB4DD1A6F572}.Release|x64.Deploy.0 = Release|x64
		{1D0CC079-1E79-4042-8AE4-FB4DD1A6F572}.Release|x86.ActiveCfg = Release|x86
		{1D0CC079-1E79-4042-8AE4-FB4DD1A6F572}.Release|x86.Build.0 = Release|x86
		{1D0CC079-1E79-4042-8AE4-FB4DD1A6F572}.Release|x86.Deploy.0 = Release|x86
		{DAE20FD6-9C2C-427E-B695-A68E390AE3D9}.Debug|Any CPU.ActiveCfg = Debug|Any CPU
		{DAE20FD6-9C2C-427E-B695-A68E390AE3D9}.Debug|Any CPU.Build.0 = Debug|Any CPU
		{DAE20FD6-9C2C-427E-B695-A68E390AE3D9}.Debug|Any CPU.Deploy.0 = Debug|Any CPU
		{DAE20FD6-9C2C-427E-B695-A68E390AE3D9}.Debug|ARM.ActiveCfg = Debug|ARM
		{DAE20FD6-9C2C-427E-B695-A68E390AE3D9}.Debug|ARM.Build.0 = Debug|ARM
		{DAE20FD6-9C2C-427E-B695-A68E390AE3D9}.Debug|ARM.Deploy.0 = Debug|ARM
		{DAE20FD6-9C2C-427E-B695-A68E390AE3D9}.Debug|ARM64.ActiveCfg = Debug|ARM64
		{DAE20FD6-9C2C-427E-B695-A68E390AE3D9}.Debug|ARM64.Build.0 = Debug|ARM64
		{DAE20FD6-9C2C-427E-B695-A68E390AE3D9}.Debug|ARM64.Deploy.0 = Debug|ARM64
		{DAE20FD6-9C2C-427E-B695-A68E390AE3D9}.Debug|x64.ActiveCfg = Debug|x64
		{DAE20FD6-9C2C-427E-B695-A68E390AE3D9}.Debug|x64.Build.0 = Debug|x64
		{DAE20FD6-9C2C-427E-B695-A68E390AE3D9}.Debug|x64.Deploy.0 = Debug|x64
		{DAE20FD6-9C2C-427E-B695-A68E390AE3D9}.Debug|x86.ActiveCfg = Debug|x86
		{DAE20FD6-9C2C-427E-B695-A68E390AE3D9}.Debug|x86.Build.0 = Debug|x86
		{DAE20FD6-9C2C-427E-B695-A68E390AE3D9}.Debug|x86.Deploy.0 = Debug|x86
		{DAE20FD6-9C2C-427E-B695-A68E390AE3D9}.Release|Any CPU.ActiveCfg = Release|Any CPU
		{DAE20FD6-9C2C-427E-B695-A68E390AE3D9}.Release|Any CPU.Build.0 = Release|Any CPU
		{DAE20FD6-9C2C-427E-B695-A68E390AE3D9}.Release|Any CPU.Deploy.0 = Release|Any CPU
		{DAE20FD6-9C2C-427E-B695-A68E390AE3D9}.Release|ARM.ActiveCfg = Release|ARM
		{DAE20FD6-9C2C-427E-B695-A68E390AE3D9}.Release|ARM.Build.0 = Release|ARM
		{DAE20FD6-9C2C-427E-B695-A68E390AE3D9}.Release|ARM.Deploy.0 = Release|ARM
		{DAE20FD6-9C2C-427E-B695-A68E390AE3D9}.Release|ARM64.ActiveCfg = Release|ARM64
		{DAE20FD6-9C2C-427E-B695-A68E390AE3D9}.Release|ARM64.Build.0 = Release|ARM64
		{DAE20FD6-9C2C-427E-B695-A68E390AE3D9}.Release|ARM64.Deploy.0 = Release|ARM64
		{DAE20FD6-9C2C-427E-B695-A68E390AE3D9}.Release|x64.ActiveCfg = Release|x64
		{DAE20FD6-9C2C-427E-B695-A68E390AE3D9}.Release|x64.Build.0 = Release|x64
		{DAE20FD6-9C2C-427E-B695-A68E390AE3D9}.Release|x64.Deploy.0 = Release|x64
		{DAE20FD6-9C2C-427E-B695-A68E390AE3D9}.Release|x86.ActiveCfg = Release|x86
		{DAE20FD6-9C2C-427E-B695-A68E390AE3D9}.Release|x86.Build.0 = Release|x86
		{DAE20FD6-9C2C-427E-B695-A68E390AE3D9}.Release|x86.Deploy.0 = Release|x86
		{FE1BF701-602D-417E-B7E8-4491420B6FD2}.Debug|Any CPU.ActiveCfg = Debug|x64
		{FE1BF701-602D-417E-B7E8-4491420B6FD2}.Debug|Any CPU.Build.0 = Debug|x64
		{FE1BF701-602D-417E-B7E8-4491420B6FD2}.Debug|ARM.ActiveCfg = Debug|x64
		{FE1BF701-602D-417E-B7E8-4491420B6FD2}.Debug|ARM.Build.0 = Debug|x64
		{FE1BF701-602D-417E-B7E8-4491420B6FD2}.Debug|ARM64.ActiveCfg = Debug|x64
		{FE1BF701-602D-417E-B7E8-4491420B6FD2}.Debug|ARM64.Build.0 = Debug|x64
		{FE1BF701-602D-417E-B7E8-4491420B6FD2}.Debug|x64.ActiveCfg = Debug|x64
		{FE1BF701-602D-417E-B7E8-4491420B6FD2}.Debug|x64.Build.0 = Debug|x64
		{FE1BF701-602D-417E-B7E8-4491420B6FD2}.Debug|x86.ActiveCfg = Debug|Win32
		{FE1BF701-602D-417E-B7E8-4491420B6FD2}.Debug|x86.Build.0 = Debug|Win32
		{FE1BF701-602D-417E-B7E8-4491420B6FD2}.Release|Any CPU.ActiveCfg = Release|x64
		{FE1BF701-602D-417E-B7E8-4491420B6FD2}.Release|Any CPU.Build.0 = Release|x64
		{FE1BF701-602D-417E-B7E8-4491420B6FD2}.Release|ARM.ActiveCfg = Release|x64
		{FE1BF701-602D-417E-B7E8-4491420B6FD2}.Release|ARM.Build.0 = Release|x64
		{FE1BF701-602D-417E-B7E8-4491420B6FD2}.Release|ARM64.ActiveCfg = Release|x64
		{FE1BF701-602D-417E-B7E8-4491420B6FD2}.Release|ARM64.Build.0 = Release|x64
		{FE1BF701-602D-417E-B7E8-4491420B6FD2}.Release|x64.ActiveCfg = Release|x64
		{FE1BF701-602D-417E-B7E8-4491420B6FD2}.Release|x64.Build.0 = Release|x64
		{FE1BF701-602D-417E-B7E8-4491420B6FD2}.Release|x86.ActiveCfg = Release|Win32
		{FE1BF701-602D-417E-B7E8-4491420B6FD2}.Release|x86.Build.0 = Release|Win32
		{433CCDBA-47F7-4C46-9FA2-793DF7D7D83B}.Debug|Any CPU.ActiveCfg = Debug|x64
		{433CCDBA-47F7-4C46-9FA2-793DF7D7D83B}.Debug|Any CPU.Build.0 = Debug|x64
		{433CCDBA-47F7-4C46-9FA2-793DF7D7D83B}.Debug|ARM.ActiveCfg = Debug|x64
		{433CCDBA-47F7-4C46-9FA2-793DF7D7D83B}.Debug|ARM.Build.0 = Debug|x64
		{433CCDBA-47F7-4C46-9FA2-793DF7D7D83B}.Debug|ARM64.ActiveCfg = Debug|x64
		{433CCDBA-47F7-4C46-9FA2-793DF7D7D83B}.Debug|ARM64.Build.0 = Debug|x64
		{433CCDBA-47F7-4C46-9FA2-793DF7D7D83B}.Debug|x64.ActiveCfg = Debug|x64
		{433CCDBA-47F7-4C46-9FA2-793DF7D7D83B}.Debug|x64.Build.0 = Debug|x64
		{433CCDBA-47F7-4C46-9FA2-793DF7D7D83B}.Debug|x86.ActiveCfg = Debug|Win32
		{433CCDBA-47F7-4C46-9FA2-793DF7D7D83B}.Debug|x86.Build.0 = Debug|Win32
		{433CCDBA-47F7-4C46-9FA2-793DF7D7D83B}.Release|Any CPU.ActiveCfg = Release|x64
		{433CCDBA-47F7-4C46-9FA2-793DF7D7D83B}.Release|Any CPU.Build.0 = Release|x64
		{433CCDBA-47F7-4C46-9FA2-793DF7D7D83B}.Release|ARM.ActiveCfg = Release|x64
		{433CCDBA-47F7-4C46-9FA2-793DF7D7D83B}.Release|ARM.Build.0 = Release|x64
		{433CCDBA-47F7-4C46-9FA2-793DF7D7D83B}.Release|ARM64.ActiveCfg = Release|x64
		{433CCDBA-47F7-4C46-9FA2-793DF7D7D83B}.Release|ARM64.Build.0 = Release|x64
		{433CCDBA-47F7-4C46-9FA2-793DF7D7D83B}.Release|x64.ActiveCfg = Release|x64
		{433CCDBA-47F7-4C46-9FA2-793DF7D7D83B}.Release|x64.Build.0 = Release|x64
		{433CCDBA-47F7-4C46-9FA2-793DF7D7D83B}.Release|x86.ActiveCfg = Release|Win32
		{433CCDBA-47F7-4C46-9FA2-793DF7D7D83B}.Release|x86.Build.0 = Release|Win32
		{614F0FB6-CD99-4F21-BAED-7536AC5D58B4}.Debug|Any CPU.ActiveCfg = Debug|x64
		{614F0FB6-CD99-4F21-BAED-7536AC5D58B4}.Debug|Any CPU.Build.0 = Debug|x64
		{614F0FB6-CD99-4F21-BAED-7536AC5D58B4}.Debug|ARM.ActiveCfg = Debug|ARM
		{614F0FB6-CD99-4F21-BAED-7536AC5D58B4}.Debug|ARM.Build.0 = Debug|ARM
		{614F0FB6-CD99-4F21-BAED-7536AC5D58B4}.Debug|ARM64.ActiveCfg = Debug|x64
		{614F0FB6-CD99-4F21-BAED-7536AC5D58B4}.Debug|ARM64.Build.0 = Debug|x64
		{614F0FB6-CD99-4F21-BAED-7536AC5D58B4}.Debug|x64.ActiveCfg = Debug|x64
		{614F0FB6-CD99-4F21-BAED-7536AC5D58B4}.Debug|x64.Build.0 = Debug|x64
		{614F0FB6-CD99-4F21-BAED-7536AC5D58B4}.Debug|x86.ActiveCfg = Debug|Win32
		{614F0FB6-CD99-4F21-BAED-7536AC5D58B4}.Debug|x86.Build.0 = Debug|Win32
		{614F0FB6-CD99-4F21-BAED-7536AC5D58B4}.Release|Any CPU.ActiveCfg = Release|x64
		{614F0FB6-CD99-4F21-BAED-7536AC5D58B4}.Release|Any CPU.Build.0 = Release|x64
		{614F0FB6-CD99-4F21-BAED-7536AC5D58B4}.Release|ARM.ActiveCfg = Release|ARM
		{614F0FB6-CD99-4F21-BAED-7536AC5D58B4}.Release|ARM.Build.0 = Release|ARM
		{614F0FB6-CD99-4F21-BAED-7536AC5D58B4}.Release|ARM64.ActiveCfg = Release|x64
		{614F0FB6-CD99-4F21-BAED-7536AC5D58B4}.Release|ARM64.Build.0 = Release|x64
		{614F0FB6-CD99-4F21-BAED-7536AC5D58B4}.Release|x64.ActiveCfg = Release|x64
		{614F0FB6-CD99-4F21-BAED-7536AC5D58B4}.Release|x64.Build.0 = Release|x64
		{614F0FB6-CD99-4F21-BAED-7536AC5D58B4}.Release|x86.ActiveCfg = Release|Win32
		{614F0FB6-CD99-4F21-BAED-7536AC5D58B4}.Release|x86.Build.0 = Release|Win32
		{3226F93F-C704-419D-A116-C5C02F81C7C6}.Debug|Any CPU.ActiveCfg = Debug|x64
		{3226F93F-C704-419D-A116-C5C02F81C7C6}.Debug|Any CPU.Build.0 = Debug|x64
		{3226F93F-C704-419D-A116-C5C02F81C7C6}.Debug|Any CPU.Deploy.0 = Debug|x64
		{3226F93F-C704-419D-A116-C5C02F81C7C6}.Debug|ARM.ActiveCfg = Debug|x64
		{3226F93F-C704-419D-A116-C5C02F81C7C6}.Debug|ARM.Build.0 = Debug|x64
		{3226F93F-C704-419D-A116-C5C02F81C7C6}.Debug|ARM.Deploy.0 = Debug|x64
		{3226F93F-C704-419D-A116-C5C02F81C7C6}.Debug|ARM64.ActiveCfg = Debug|ARM64
		{3226F93F-C704-419D-A116-C5C02F81C7C6}.Debug|ARM64.Build.0 = Debug|ARM64
		{3226F93F-C704-419D-A116-C5C02F81C7C6}.Debug|ARM64.Deploy.0 = Debug|ARM64
		{3226F93F-C704-419D-A116-C5C02F81C7C6}.Debug|x64.ActiveCfg = Debug|x64
		{3226F93F-C704-419D-A116-C5C02F81C7C6}.Debug|x64.Build.0 = Debug|x64
		{3226F93F-C704-419D-A116-C5C02F81C7C6}.Debug|x64.Deploy.0 = Debug|x64
		{3226F93F-C704-419D-A116-C5C02F81C7C6}.Debug|x86.ActiveCfg = Debug|x86
		{3226F93F-C704-419D-A116-C5C02F81C7C6}.Debug|x86.Build.0 = Debug|x86
		{3226F93F-C704-419D-A116-C5C02F81C7C6}.Debug|x86.Deploy.0 = Debug|x86
		{3226F93F-C704-419D-A116-C5C02F81C7C6}.Release|Any CPU.ActiveCfg = Release|x64
		{3226F93F-C704-419D-A116-C5C02F81C7C6}.Release|Any CPU.Build.0 = Release|x64
		{3226F93F-C704-419D-A116-C5C02F81C7C6}.Release|Any CPU.Deploy.0 = Release|x64
		{3226F93F-C704-419D-A116-C5C02F81C7C6}.Release|ARM.ActiveCfg = Release|x64
		{3226F93F-C704-419D-A116-C5C02F81C7C6}.Release|ARM.Build.0 = Release|x64
		{3226F93F-C704-419D-A116-C5C02F81C7C6}.Release|ARM.Deploy.0 = Release|x64
		{3226F93F-C704-419D-A116-C5C02F81C7C6}.Release|ARM64.ActiveCfg = Release|ARM64
		{3226F93F-C704-419D-A116-C5C02F81C7C6}.Release|ARM64.Build.0 = Release|ARM64
		{3226F93F-C704-419D-A116-C5C02F81C7C6}.Release|ARM64.Deploy.0 = Release|ARM64
		{3226F93F-C704-419D-A116-C5C02F81C7C6}.Release|x64.ActiveCfg = Release|x64
		{3226F93F-C704-419D-A116-C5C02F81C7C6}.Release|x64.Build.0 = Release|x64
		{3226F93F-C704-419D-A116-C5C02F81C7C6}.Release|x64.Deploy.0 = Release|x64
		{3226F93F-C704-419D-A116-C5C02F81C7C6}.Release|x86.ActiveCfg = Release|x86
		{3226F93F-C704-419D-A116-C5C02F81C7C6}.Release|x86.Build.0 = Release|x86
		{3226F93F-C704-419D-A116-C5C02F81C7C6}.Release|x86.Deploy.0 = Release|x86
		{ADE50839-AA20-4503-872C-E85EF1928BD9}.Debug|Any CPU.ActiveCfg = Debug|x64
		{ADE50839-AA20-4503-872C-E85EF1928BD9}.Debug|Any CPU.Build.0 = Debug|x64
		{ADE50839-AA20-4503-872C-E85EF1928BD9}.Debug|ARM.ActiveCfg = Debug|x64
		{ADE50839-AA20-4503-872C-E85EF1928BD9}.Debug|ARM.Build.0 = Debug|x64
		{ADE50839-AA20-4503-872C-E85EF1928BD9}.Debug|ARM64.ActiveCfg = Debug|ARM64
		{ADE50839-AA20-4503-872C-E85EF1928BD9}.Debug|ARM64.Build.0 = Debug|ARM64
		{ADE50839-AA20-4503-872C-E85EF1928BD9}.Debug|x64.ActiveCfg = Debug|x64
		{ADE50839-AA20-4503-872C-E85EF1928BD9}.Debug|x64.Build.0 = Debug|x64
		{ADE50839-AA20-4503-872C-E85EF1928BD9}.Debug|x86.ActiveCfg = Debug|x86
		{ADE50839-AA20-4503-872C-E85EF1928BD9}.Debug|x86.Build.0 = Debug|x86
		{ADE50839-AA20-4503-872C-E85EF1928BD9}.Release|Any CPU.ActiveCfg = Release|x64
		{ADE50839-AA20-4503-872C-E85EF1928BD9}.Release|Any CPU.Build.0 = Release|x64
		{ADE50839-AA20-4503-872C-E85EF1928BD9}.Release|ARM.ActiveCfg = Release|x64
		{ADE50839-AA20-4503-872C-E85EF1928BD9}.Release|ARM.Build.0 = Release|x64
		{ADE50839-AA20-4503-872C-E85EF1928BD9}.Release|ARM64.ActiveCfg = Release|ARM64
		{ADE50839-AA20-4503-872C-E85EF1928BD9}.Release|ARM64.Build.0 = Release|ARM64
		{ADE50839-AA20-4503-872C-E85EF1928BD9}.Release|x64.ActiveCfg = Release|x64
		{ADE50839-AA20-4503-872C-E85EF1928BD9}.Release|x64.Build.0 = Release|x64
		{ADE50839-AA20-4503-872C-E85EF1928BD9}.Release|x86.ActiveCfg = Release|x86
		{ADE50839-AA20-4503-872C-E85EF1928BD9}.Release|x86.Build.0 = Release|x86
		{AEBB0E31-15ED-47F2-8130-607F7867356D}.Debug|Any CPU.ActiveCfg = Debug|x64
		{AEBB0E31-15ED-47F2-8130-607F7867356D}.Debug|Any CPU.Build.0 = Debug|x64
		{AEBB0E31-15ED-47F2-8130-607F7867356D}.Debug|Any CPU.Deploy.0 = Debug|x64
		{AEBB0E31-15ED-47F2-8130-607F7867356D}.Debug|ARM.ActiveCfg = Debug|ARM
		{AEBB0E31-15ED-47F2-8130-607F7867356D}.Debug|ARM.Build.0 = Debug|ARM
		{AEBB0E31-15ED-47F2-8130-607F7867356D}.Debug|ARM.Deploy.0 = Debug|ARM
		{AEBB0E31-15ED-47F2-8130-607F7867356D}.Debug|ARM64.ActiveCfg = Debug|ARM64
		{AEBB0E31-15ED-47F2-8130-607F7867356D}.Debug|ARM64.Build.0 = Debug|ARM64
		{AEBB0E31-15ED-47F2-8130-607F7867356D}.Debug|ARM64.Deploy.0 = Debug|ARM64
		{AEBB0E31-15ED-47F2-8130-607F7867356D}.Debug|x64.ActiveCfg = Debug|x64
		{AEBB0E31-15ED-47F2-8130-607F7867356D}.Debug|x64.Build.0 = Debug|x64
		{AEBB0E31-15ED-47F2-8130-607F7867356D}.Debug|x64.Deploy.0 = Debug|x64
		{AEBB0E31-15ED-47F2-8130-607F7867356D}.Debug|x86.ActiveCfg = Debug|x86
		{AEBB0E31-15ED-47F2-8130-607F7867356D}.Debug|x86.Build.0 = Debug|x86
		{AEBB0E31-15ED-47F2-8130-607F7867356D}.Debug|x86.Deploy.0 = Debug|x86
		{AEBB0E31-15ED-47F2-8130-607F7867356D}.Release|Any CPU.ActiveCfg = Release|x64
		{AEBB0E31-15ED-47F2-8130-607F7867356D}.Release|Any CPU.Build.0 = Release|x64
		{AEBB0E31-15ED-47F2-8130-607F7867356D}.Release|Any CPU.Deploy.0 = Release|x64
		{AEBB0E31-15ED-47F2-8130-607F7867356D}.Release|ARM.ActiveCfg = Release|ARM
		{AEBB0E31-15ED-47F2-8130-607F7867356D}.Release|ARM.Build.0 = Release|ARM
		{AEBB0E31-15ED-47F2-8130-607F7867356D}.Release|ARM.Deploy.0 = Release|ARM
		{AEBB0E31-15ED-47F2-8130-607F7867356D}.Release|ARM64.ActiveCfg = Release|ARM64
		{AEBB0E31-15ED-47F2-8130-607F7867356D}.Release|ARM64.Build.0 = Release|ARM64
		{AEBB0E31-15ED-47F2-8130-607F7867356D}.Release|ARM64.Deploy.0 = Release|ARM64
		{AEBB0E31-15ED-47F2-8130-607F7867356D}.Release|x64.ActiveCfg = Release|x64
		{AEBB0E31-15ED-47F2-8130-607F7867356D}.Release|x64.Build.0 = Release|x64
		{AEBB0E31-15ED-47F2-8130-607F7867356D}.Release|x64.Deploy.0 = Release|x64
		{AEBB0E31-15ED-47F2-8130-607F7867356D}.Release|x86.ActiveCfg = Release|x86
		{AEBB0E31-15ED-47F2-8130-607F7867356D}.Release|x86.Build.0 = Release|x86
		{AEBB0E31-15ED-47F2-8130-607F7867356D}.Release|x86.Deploy.0 = Release|x86
		{87073526-806E-4396-A7A9-BC280F9750A0}.Debug|Any CPU.ActiveCfg = Debug|x64
		{87073526-806E-4396-A7A9-BC280F9750A0}.Debug|Any CPU.Build.0 = Debug|x64
		{87073526-806E-4396-A7A9-BC280F9750A0}.Debug|Any CPU.Deploy.0 = Debug|x64
		{87073526-806E-4396-A7A9-BC280F9750A0}.Debug|ARM.ActiveCfg = Debug|ARM
		{87073526-806E-4396-A7A9-BC280F9750A0}.Debug|ARM.Build.0 = Debug|ARM
		{87073526-806E-4396-A7A9-BC280F9750A0}.Debug|ARM.Deploy.0 = Debug|ARM
		{87073526-806E-4396-A7A9-BC280F9750A0}.Debug|ARM64.ActiveCfg = Debug|ARM64
		{87073526-806E-4396-A7A9-BC280F9750A0}.Debug|ARM64.Build.0 = Debug|ARM64
		{87073526-806E-4396-A7A9-BC280F9750A0}.Debug|ARM64.Deploy.0 = Debug|ARM64
		{87073526-806E-4396-A7A9-BC280F9750A0}.Debug|x64.ActiveCfg = Debug|x64
		{87073526-806E-4396-A7A9-BC280F9750A0}.Debug|x64.Build.0 = Debug|x64
		{87073526-806E-4396-A7A9-BC280F9750A0}.Debug|x64.Deploy.0 = Debug|x64
		{87073526-806E-4396-A7A9-BC280F9750A0}.Debug|x86.ActiveCfg = Debug|x86
		{87073526-806E-4396-A7A9-BC280F9750A0}.Debug|x86.Build.0 = Debug|x86
		{87073526-806E-4396-A7A9-BC280F9750A0}.Debug|x86.Deploy.0 = Debug|x86
		{87073526-806E-4396-A7A9-BC280F9750A0}.Release|Any CPU.ActiveCfg = Release|x64
		{87073526-806E-4396-A7A9-BC280F9750A0}.Release|Any CPU.Build.0 = Release|x64
		{87073526-806E-4396-A7A9-BC280F9750A0}.Release|Any CPU.Deploy.0 = Release|x64
		{87073526-806E-4396-A7A9-BC280F9750A0}.Release|ARM.ActiveCfg = Release|ARM
		{87073526-806E-4396-A7A9-BC280F9750A0}.Release|ARM.Build.0 = Release|ARM
		{87073526-806E-4396-A7A9-BC280F9750A0}.Release|ARM.Deploy.0 = Release|ARM
		{87073526-806E-4396-A7A9-BC280F9750A0}.Release|ARM64.ActiveCfg = Release|ARM64
		{87073526-806E-4396-A7A9-BC280F9750A0}.Release|ARM64.Build.0 = Release|ARM64
		{87073526-806E-4396-A7A9-BC280F9750A0}.Release|ARM64.Deploy.0 = Release|ARM64
		{87073526-806E-4396-A7A9-BC280F9750A0}.Release|x64.ActiveCfg = Release|x64
		{87073526-806E-4396-A7A9-BC280F9750A0}.Release|x64.Build.0 = Release|x64
		{87073526-806E-4396-A7A9-BC280F9750A0}.Release|x64.Deploy.0 = Release|x64
		{87073526-806E-4396-A7A9-BC280F9750A0}.Release|x86.ActiveCfg = Release|x86
		{87073526-806E-4396-A7A9-BC280F9750A0}.Release|x86.Build.0 = Release|x86
		{87073526-806E-4396-A7A9-BC280F9750A0}.Release|x86.Deploy.0 = Release|x86
	EndGlobalSection
	GlobalSection(SolutionProperties) = preSolution
		HideSolutionNode = FALSE
	EndGlobalSection
	GlobalSection(NestedProjects) = preSolution
		{EB1B9CA9-6784-4E8B-862A-486E2B2E4F08} = {880E158C-1B27-43F5-8821-EF664A779937}
		{4345E98B-2F22-4824-9C67-90DE0E7EE619} = {880E158C-1B27-43F5-8821-EF664A779937}
		{14D3031D-F171-4D9E-B0B0-41B64BA4E65D} = {880E158C-1B27-43F5-8821-EF664A779937}
		{0F974DC8-0C8D-49D6-BB9A-3CB88A2BE204} = {36BDE371-6C23-4F5A-A84B-F458C194389D}
		{97282269-6828-4D82-BD77-926F1D8B34CB} = {36BDE371-6C23-4F5A-A84B-F458C194389D}
		{7F75D93A-FA8B-4AD6-812A-5CCD5E69325E} = {36BDE371-6C23-4F5A-A84B-F458C194389D}
		{EF86C609-BD82-437B-9CD8-0A48ABADBDC4} = {36BDE371-6C23-4F5A-A84B-F458C194389D}
		{195CB0A7-4898-434E-8E3A-42B75AF15979} = {BA7575B0-ED08-4E9C-93E9-15864CD8988D}
		{4CD50160-597D-47BD-AF35-29ABECC708CB} = {BA7575B0-ED08-4E9C-93E9-15864CD8988D}
		{604B48AB-7F68-472D-965A-F3A8F1AB5459} = {BA7575B0-ED08-4E9C-93E9-15864CD8988D}
		{20DD6716-C0AB-4288-8036-BED1E3766906} = {BA7575B0-ED08-4E9C-93E9-15864CD8988D}
		{34CACCBC-2F1C-4E85-9572-B9E6125836C9} = {BA7575B0-ED08-4E9C-93E9-15864CD8988D}
		{A6868E4E-A527-43F0-918F-D86E4C87FCA6} = {BA7575B0-ED08-4E9C-93E9-15864CD8988D}
		{5BEEA5A2-AEA2-4507-8178-3E0511C56CF0} = {880E158C-1B27-43F5-8821-EF664A779937}
		{020EE1C0-2940-4B2B-A355-867D2A4DD576} = {880E158C-1B27-43F5-8821-EF664A779937}
		{88CF1B0A-759D-4E4E-94B1-391708367D1E} = {880E158C-1B27-43F5-8821-EF664A779937}
		{3FC7BBB1-922F-4D87-BB5E-2D33CE2CFBC7} = {952A9076-C3DC-49A6-831A-71F95D1542E5}
		{8B91C758-C271-4483-B0F6-51FCEE9636C8} = {952A9076-C3DC-49A6-831A-71F95D1542E5}
		{1D0CC079-1E79-4042-8AE4-FB4DD1A6F572} = {952A9076-C3DC-49A6-831A-71F95D1542E5}
		{DAE20FD6-9C2C-427E-B695-A68E390AE3D9} = {952A9076-C3DC-49A6-831A-71F95D1542E5}
		{FE1BF701-602D-417E-B7E8-4491420B6FD2} = {952A9076-C3DC-49A6-831A-71F95D1542E5}
		{433CCDBA-47F7-4C46-9FA2-793DF7D7D83B} = {952A9076-C3DC-49A6-831A-71F95D1542E5}
		{614F0FB6-CD99-4F21-BAED-7536AC5D58B4} = {952A9076-C3DC-49A6-831A-71F95D1542E5}
		{774091B6-0EB3-497D-928D-82915DD9465C} = {880E158C-1B27-43F5-8821-EF664A779937}
		{3226F93F-C704-419D-A116-C5C02F81C7C6} = {774091B6-0EB3-497D-928D-82915DD9465C}
		{ADE50839-AA20-4503-872C-E85EF1928BD9} = {774091B6-0EB3-497D-928D-82915DD9465C}
		{AEBB0E31-15ED-47F2-8130-607F7867356D} = {880E158C-1B27-43F5-8821-EF664A779937}
		{87073526-806E-4396-A7A9-BC280F9750A0} = {880E158C-1B27-43F5-8821-EF664A779937}
	EndGlobalSection
	GlobalSection(ExtensibilityGlobals) = postSolution
		SolutionGuid = {50228073-5EBF-4BCF-9D0D-21D4E796F6B1}
	EndGlobalSection
EndGlobal
